
Microsoft Visual Studio Solution File, Format Version 12.00
# Visual Studio Version 17
VisualStudioVersion = 17.9.34728.123
MinimumVisualStudioVersion = 10.0.40219.1
Project("{9A19103F-16F7-4668-BE54-9A1E7A4F7556}") = "TrudoApp", "TrudoApp\TrudoApp.csproj", "{C5131B42-934F-4084-B151-E705E594E2E9}"
EndProject
Project("{9A19103F-16F7-4668-BE54-9A1E7A4F7556}") = "TrucoData", "TrucoData\TrucoData.csproj", "{DD6F42E7-14D0-49BB-8ED9-795512D3672A}"
EndProject
Project("{9A19103F-16F7-4668-BE54-9A1E7A4F7556}") = "TrucoTestes", "TrucoTestes\TrucoTestes.csproj", "{BFFE0B75-7C58-4C9F-922C-F5047962F1D6}"
EndProject
Project("{2150E333-8FDC-42A3-9474-1A3956D46DE8}") = "Solution Items", "Solution Items", "{18987935-CE2C-4237-A767-DCEF8CCF077D}"
	ProjectSection(SolutionItems) = preProject
		.github\workflows\dotnet-desktop.yml = .github\workflows\dotnet-desktop.yml
		README.md = README.md
	EndProjectSection
EndProject
Global
	GlobalSection(SolutionConfigurationPlatforms) = preSolution
		Debug|Any CPU = Debug|Any CPU
		Release|Any CPU = Release|Any CPU
	EndGlobalSection
	GlobalSection(ProjectConfigurationPlatforms) = postSolution
		{C5131B42-934F-4084-B151-E705E594E2E9}.Debug|Any CPU.ActiveCfg = Debug|Any CPU
		{C5131B42-934F-4084-B151-E705E594E2E9}.Debug|Any CPU.Build.0 = Debug|Any CPU
		{C5131B42-934F-4084-B151-E705E594E2E9}.Release|Any CPU.ActiveCfg = Release|Any CPU
		{C5131B42-934F-4084-B151-E705E594E2E9}.Release|Any CPU.Build.0 = Release|Any CPU
		{DD6F42E7-14D0-49BB-8ED9-795512D3672A}.Debug|Any CPU.ActiveCfg = Debug|Any CPU
		{DD6F42E7-14D0-49BB-8ED9-795512D3672A}.Debug|Any CPU.Build.0 = Debug|Any CPU
		{DD6F42E7-14D0-49BB-8ED9-795512D3672A}.Release|Any CPU.ActiveCfg = Release|Any CPU
		{DD6F42E7-14D0-49BB-8ED9-795512D3672A}.Release|Any CPU.Build.0 = Release|Any CPU
		{BFFE0B75-7C58-4C9F-922C-F5047962F1D6}.Debug|Any CPU.ActiveCfg = Debug|Any CPU
		{BFFE0B75-7C58-4C9F-922C-F5047962F1D6}.Debug|Any CPU.Build.0 = Debug|Any CPU
		{BFFE0B75-7C58-4C9F-922C-F5047962F1D6}.Release|Any CPU.ActiveCfg = Release|Any CPU
		{BFFE0B75-7C58-4C9F-922C-F5047962F1D6}.Release|Any CPU.Build.0 = Release|Any CPU
	EndGlobalSection
	GlobalSection(SolutionProperties) = preSolution
		HideSolutionNode = FALSE
	EndGlobalSection
	GlobalSection(ExtensibilityGlobals) = postSolution
		SolutionGuid = {DC38198E-FBDA-4CB6-BACE-E4EA7DB550A2}
	EndGlobalSection
EndGlobal
